<?xml version="1.0" encoding="utf-8"?>
<Project ToolsVersion="4.0" xmlns="http://schemas.microsoft.com/developer/msbuild/2003">
  <ItemGroup>
    <Filter Include="Source Files">
      <UniqueIdentifier>{4FC737F1-C7A5-4376-A066-2A32D752A2FF}</UniqueIdentifier>
      <Extensions>cpp;c;cc;cxx;c++;cppm;ixx;def;odl;idl;hpj;bat;asm;asmx</Extensions>
    </Filter>
    <Filter Include="Header Files">
      <UniqueIdentifier>{93995380-89BD-4b04-88EB-625FBE52EBFB}</UniqueIdentifier>
      <Extensions>h;hh;hpp;hxx;h++;hm;inl;inc;ipp;xsd</Extensions>
    </Filter>
    <Filter Include="Resource Files">
      <UniqueIdentifier>{67DA6AB6-F800-4c08-8B7A-83BB121AAD01}</UniqueIdentifier>
      <Extensions>rc;ico;cur;bmp;dlg;rc2;rct;bin;rgs;gif;jpg;jpeg;jpe;resx;tiff;tif;png;wav;mfcribbon-ms</Extensions>
    </Filter>
  </ItemGroup>
  <ItemGroup>
    <ClCompile Include="main.cpp">
      <Filter>Source Files</Filter>
    </ClCompile>
    <ClCompile Include="utility.cpp">
      <Filter>Source Files</Filter>
    </ClCompile>
    <ClCompile Include="texture_holder.cpp">
      <Filter>Source Files</Filter>
    </ClCompile>
    <ClCompile Include="scene_node.cpp">
      <Filter>Source Files</Filter>
    </ClCompile>
    <ClCompile Include="entity.cpp">
      <Filter>Source Files</Filter>
    </ClCompile>
    <ClCompile Include="aircraft.cpp">
      <Filter>Source Files</Filter>
    </ClCompile>
    <ClCompile Include="sprite_node.cpp">
      <Filter>Source Files</Filter>
    </ClCompile>
    <ClCompile Include="world.cpp">
      <Filter>Source Files</Filter>
    </ClCompile>
    <ClCompile Include="command_queue.cpp">
      <Filter>Source Files</Filter>
    </ClCompile>
    <ClCompile Include="command.cpp">
      <Filter>Source Files</Filter>
    </ClCompile>
    <ClCompile Include="player.cpp">
      <Filter>Source Files</Filter>
    </ClCompile>
    <ClCompile Include="statestack.cpp">
      <Filter>Source Files</Filter>
    </ClCompile>
    <ClCompile Include="state.cpp">
      <Filter>Source Files</Filter>
    </ClCompile>
    <ClCompile Include="application.cpp">
      <Filter>Source Files</Filter>
    </ClCompile>
    <ClCompile Include="game_state.cpp">
      <Filter>Source Files</Filter>
    </ClCompile>
    <ClCompile Include="title_state.cpp">
      <Filter>Source Files</Filter>
    </ClCompile>
    <ClCompile Include="menu_state.cpp">
      <Filter>Source Files</Filter>
    </ClCompile>
    <ClCompile Include="pause_state.cpp">
      <Filter>Source Files</Filter>
    </ClCompile>
    <ClCompile Include="component.cpp">
      <Filter>Source Files</Filter>
    </ClCompile>
    <ClCompile Include="container.cpp">
      <Filter>Source Files</Filter>
    </ClCompile>
    <ClCompile Include="label.cpp">
      <Filter>Source Files</Filter>
    </ClCompile>
    <ClCompile Include="button.cpp">
      <Filter>Source Files</Filter>
    </ClCompile>
    <ClCompile Include="settings_state.cpp">
      <Filter>Source Files</Filter>
    </ClCompile>
    <ClCompile Include="data_tables.cpp">
      <Filter>Source Files</Filter>
    </ClCompile>
    <ClCompile Include="text_node.cpp">
      <Filter>Source Files</Filter>
    </ClCompile>
    <ClCompile Include="projectile.cpp">
      <Filter>Source Files</Filter>
    </ClCompile>
    <ClCompile Include="pickup.cpp">
      <Filter>Source Files</Filter>
    </ClCompile>
    <ClCompile Include="game_over_state.cpp">
      <Filter>Source Files</Filter>
    </ClCompile>
    <ClCompile Include="particle_node.cpp">
      <Filter>Source Files</Filter>
    </ClCompile>
    <ClCompile Include="emitter_node.cpp">
      <Filter>Source Files</Filter>
    </ClCompile>
    <ClCompile Include="animation.cpp">
      <Filter>Source Files</Filter>
    </ClCompile>
    <ClCompile Include="posteffect.cpp">
      <Filter>Source Files</Filter>
    </ClCompile>
    <ClCompile Include="bloom_effect.cpp">
      <Filter>Source Files</Filter>
    </ClCompile>
    <ClCompile Include="music_player.cpp">
      <Filter>Source Files</Filter>
    </ClCompile>
    <ClCompile Include="sound_player.cpp">
      <Filter>Source Files</Filter>
    </ClCompile>
    <ClCompile Include="sound_node.cpp">
      <Filter>Source Files</Filter>
    </ClCompile>
    <ClCompile Include="game_server.cpp">
      <Filter>Source Files</Filter>
    </ClCompile>
    <ClCompile Include="multiplayer_gamestate.cpp">
      <Filter>Source Files</Filter>
    </ClCompile>
    <ClCompile Include="network_node.cpp">
      <Filter>Source Files</Filter>
    </ClCompile>
    <ClCompile Include="key_binding.cpp">
      <Filter>Source Files</Filter>
    </ClCompile>
  </ItemGroup>
  <ItemGroup>
    <ClInclude Include="utility.hpp">
      <Filter>Header Files</Filter>
    </ClInclude>
    <ClInclude Include="constants.hpp">
      <Filter>Header Files</Filter>
    </ClInclude>
    <ClInclude Include="texture_id.hpp">
      <Filter>Header Files</Filter>
    </ClInclude>
    <ClInclude Include="texture_holder.hpp">
      <Filter>Header Files</Filter>
    </ClInclude>
    <ClInclude Include="resource_holder.hpp">
      <Filter>Header Files</Filter>
    </ClInclude>
    <ClInclude Include="scene_node.hpp">
      <Filter>Header Files</Filter>
    </ClInclude>
    <ClInclude Include="entity.hpp">
      <Filter>Header Files</Filter>
    </ClInclude>
    <ClInclude Include="aircraft.hpp">
      <Filter>Header Files</Filter>
    </ClInclude>
    <ClInclude Include="aircraft_type.hpp">
      <Filter>Header Files</Filter>
    </ClInclude>
    <ClInclude Include="resource_identifiers.hpp">
      <Filter>Header Files</Filter>
    </ClInclude>
    <ClInclude Include="scene_layers.hpp">
      <Filter>Header Files</Filter>
    </ClInclude>
    <ClInclude Include="sprite_node.hpp">
      <Filter>Header Files</Filter>
    </ClInclude>
    <ClInclude Include="world.hpp">
      <Filter>Header Files</Filter>
    </ClInclude>
    <ClInclude Include="command_queue.hpp">
      <Filter>Header Files</Filter>
    </ClInclude>
    <ClInclude Include="command.hpp">
      <Filter>Header Files</Filter>
    </ClInclude>
    <ClInclude Include="receiver_categories.hpp">
      <Filter>Header Files</Filter>
    </ClInclude>
    <ClInclude Include="player.hpp">
      <Filter>Header Files</Filter>
    </ClInclude>
    <ClInclude Include="action.hpp">
      <Filter>Header Files</Filter>
    </ClInclude>
    <ClInclude Include="stack_actions.hpp">
      <Filter>Header Files</Filter>
    </ClInclude>
    <ClInclude Include="statestack.hpp">
      <Filter>Header Files</Filter>
    </ClInclude>
    <ClInclude Include="stateid.hpp">
      <Filter>Header Files</Filter>
    </ClInclude>
    <ClInclude Include="state.hpp">
      <Filter>Header Files</Filter>
    </ClInclude>
    <ClInclude Include="fontID.hpp">
      <Filter>Header Files</Filter>
    </ClInclude>
    <ClInclude Include="application.hpp">
      <Filter>Header Files</Filter>
    </ClInclude>
    <ClInclude Include="game_state.hpp">
      <Filter>Header Files</Filter>
    </ClInclude>
    <ClInclude Include="title_state.hpp">
      <Filter>Header Files</Filter>
    </ClInclude>
    <ClInclude Include="menu_state.hpp">
      <Filter>Header Files</Filter>
    </ClInclude>
    <ClInclude Include="menu_options.hpp">
      <Filter>Header Files</Filter>
    </ClInclude>
    <ClInclude Include="pause_state.hpp">
      <Filter>Header Files</Filter>
    </ClInclude>
    <ClInclude Include="component.hpp">
      <Filter>Header Files</Filter>
    </ClInclude>
    <ClInclude Include="container.hpp">
      <Filter>Header Files</Filter>
    </ClInclude>
    <ClInclude Include="label.hpp">
      <Filter>Header Files</Filter>
    </ClInclude>
    <ClInclude Include="button.hpp">
      <Filter>Header Files</Filter>
    </ClInclude>
    <ClInclude Include="settings_state.hpp">
      <Filter>Header Files</Filter>
    </ClInclude>
    <ClInclude Include="data_tables.hpp">
      <Filter>Header Files</Filter>
    </ClInclude>
    <ClInclude Include="text_node.hpp">
      <Filter>Header Files</Filter>
    </ClInclude>
    <ClInclude Include="projectile_type.hpp">
      <Filter>Header Files</Filter>
    </ClInclude>
    <ClInclude Include="pickup_type.hpp">
      <Filter>Header Files</Filter>
    </ClInclude>
    <ClInclude Include="projectile.hpp">
      <Filter>Header Files</Filter>
    </ClInclude>
    <ClInclude Include="pickup.hpp">
      <Filter>Header Files</Filter>
    </ClInclude>
    <ClInclude Include="mission_status.hpp">
      <Filter>Header Files</Filter>
    </ClInclude>
    <ClInclude Include="game_over_state.hpp">
      <Filter>Header Files</Filter>
    </ClInclude>
    <ClInclude Include="particletype.hpp">
      <Filter>Header Files</Filter>
    </ClInclude>
    <ClInclude Include="particle.hpp">
      <Filter>Header Files</Filter>
    </ClInclude>
    <ClInclude Include="particle_node.hpp">
      <Filter>Header Files</Filter>
    </ClInclude>
    <ClInclude Include="button_type.hpp">
      <Filter>Header Files</Filter>
    </ClInclude>
    <ClInclude Include="emitter_node.hpp">
      <Filter>Header Files</Filter>
    </ClInclude>
    <ClInclude Include="animation.hpp">
      <Filter>Header Files</Filter>
    </ClInclude>
    <ClInclude Include="posteffect.hpp">
      <Filter>Header Files</Filter>
    </ClInclude>
    <ClInclude Include="bloom_effect.hpp">
      <Filter>Header Files</Filter>
    </ClInclude>
    <ClInclude Include="shader_types.hpp">
      <Filter>Header Files</Filter>
    </ClInclude>
    <ClInclude Include="music_themes.hpp">
      <Filter>Header Files</Filter>
    </ClInclude>
    <ClInclude Include="sound_effect.hpp">
      <Filter>Header Files</Filter>
    </ClInclude>
    <ClInclude Include="music_player.hpp">
      <Filter>Header Files</Filter>
    </ClInclude>
    <ClInclude Include="sound_player.hpp">
      <Filter>Header Files</Filter>
    </ClInclude>
    <ClInclude Include="sound_node.hpp">
      <Filter>Header Files</Filter>
    </ClInclude>
    <ClInclude Include="network_protocol.hpp">
      <Filter>Header Files</Filter>
    </ClInclude>
    <ClInclude Include="game_server.hpp">
      <Filter>Header Files</Filter>
    </ClInclude>
    <ClInclude Include="multiplayer_gamestate.hpp">
      <Filter>Header Files</Filter>
    </ClInclude>
    <ClInclude Include="network_node.hpp">
      <Filter>Header Files</Filter>
    </ClInclude>
    <ClInclude Include="key_binding.hpp">
      <Filter>Header Files</Filter>
    </ClInclude>
  </ItemGroup>
  <ItemGroup>
    <None Include="resource_holder.inl">
      <Filter>Source Files</Filter>
    </None>
  </ItemGroup>
</Project>